
Microsoft Visual Studio Solution File, Format Version 12.00
# Visual Studio 2013
VisualStudioVersion = 12.0.30723.0
MinimumVisualStudioVersion = 10.0.40219.1
Project("{FAE04EC0-301F-11D3-BF4B-00C04F79EFBC}") = "DataStore", "DataStore\DataStore.csproj", "{B5977905-A52D-44D2-ABEC-B9D5EAEBDAE0}"
EndProject
Project("{FAE04EC0-301F-11D3-BF4B-00C04F79EFBC}") = "Repository", "Repository\Repository.csproj", "{D15F0343-2430-45CA-977C-33FC2F88D35F}"
EndProject
Project("{FAE04EC0-301F-11D3-BF4B-00C04F79EFBC}") = "DataModel", "DataModel\DataModel.csproj", "{294DEF16-B5B4-4D0A-823C-115572D397D6}"
EndProject
Project("{FAE04EC0-301F-11D3-BF4B-00C04F79EFBC}") = "UnitTest", "UnitTest\UnitTest.csproj", "{2DF8EAAB-E3B6-48D1-8591-FA260C264057}"
EndProject
Project("{FAE04EC0-301F-11D3-BF4B-00C04F79EFBC}") = "WorkflowService", "WorkflowService\WorkflowService.csproj", "{059E7A63-F8AD-4497-A081-DFF526A77A78}"
EndProject
Project("{FAE04EC0-301F-11D3-BF4B-00C04F79EFBC}") = "WebMarket", "WebMarket\WebMarket.csproj", "{6654419C-B332-434D-BA70-69CBFBA9E070}"
EndProject
Project("{FAE04EC0-301F-11D3-BF4B-00C04F79EFBC}") = "MyLogger", "MyLogger\MyLogger.csproj", "{01A69397-A54A-4FE9-871F-3EA661074DC2}"
EndProject
Global
	GlobalSection(SolutionConfigurationPlatforms) = preSolution
		Debug|Any CPU = Debug|Any CPU
		Debug|Mixed Platforms = Debug|Mixed Platforms
		Debug|x86 = Debug|x86
		Release|Any CPU = Release|Any CPU
		Release|Mixed Platforms = Release|Mixed Platforms
		Release|x86 = Release|x86
	EndGlobalSection
	GlobalSection(ProjectConfigurationPlatforms) = postSolution
		{B5977905-A52D-44D2-ABEC-B9D5EAEBDAE0}.Debug|Any CPU.ActiveCfg = Debug|Any CPU
		{B5977905-A52D-44D2-ABEC-B9D5EAEBDAE0}.Debug|Any CPU.Build.0 = Debug|Any CPU
		{B5977905-A52D-44D2-ABEC-B9D5EAEBDAE0}.Debug|Mixed Platforms.ActiveCfg = Debug|x86
		{B5977905-A52D-44D2-ABEC-B9D5EAEBDAE0}.Debug|Mixed Platforms.Build.0 = Debug|x86
		{B5977905-A52D-44D2-ABEC-B9D5EAEBDAE0}.Debug|x86.ActiveCfg = Debug|x86
		{B5977905-A52D-44D2-ABEC-B9D5EAEBDAE0}.Debug|x86.Build.0 = Debug|x86
		{B5977905-A52D-44D2-ABEC-B9D5EAEBDAE0}.Release|Any CPU.ActiveCfg = Release|Any CPU
		{B5977905-A52D-44D2-ABEC-B9D5EAEBDAE0}.Release|Any CPU.Build.0 = Release|Any CPU
		{B5977905-A52D-44D2-ABEC-B9D5EAEBDAE0}.Release|Mixed Platforms.ActiveCfg = Release|x86
		{B5977905-A52D-44D2-ABEC-B9D5EAEBDAE0}.Release|Mixed Platforms.Build.0 = Release|x86
		{B5977905-A52D-44D2-ABEC-B9D5EAEBDAE0}.Release|x86.ActiveCfg = Release|x86
		{B5977905-A52D-44D2-ABEC-B9D5EAEBDAE0}.Release|x86.Build.0 = Release|x86
		{D15F0343-2430-45CA-977C-33FC2F88D35F}.Debug|Any CPU.ActiveCfg = Debug|Any CPU
		{D15F0343-2430-45CA-977C-33FC2F88D35F}.Debug|Any CPU.Build.0 = Debug|Any CPU
		{D15F0343-2430-45CA-977C-33FC2F88D35F}.Debug|Mixed Platforms.ActiveCfg = Debug|x86
		{D15F0343-2430-45CA-977C-33FC2F88D35F}.Debug|Mixed Platforms.Build.0 = Debug|x86
		{D15F0343-2430-45CA-977C-33FC2F88D35F}.Debug|x86.ActiveCfg = Debug|x86
		{D15F0343-2430-45CA-977C-33FC2F88D35F}.Debug|x86.Build.0 = Debug|x86
		{D15F0343-2430-45CA-977C-33FC2F88D35F}.Release|Any CPU.ActiveCfg = Release|Any CPU
		{D15F0343-2430-45CA-977C-33FC2F88D35F}.Release|Any CPU.Build.0 = Release|Any CPU
		{D15F0343-2430-45CA-977C-33FC2F88D35F}.Release|Mixed Platforms.ActiveCfg = Release|x86
		{D15F0343-2430-45CA-977C-33FC2F88D35F}.Release|Mixed Platforms.Build.0 = Release|x86
		{D15F0343-2430-45CA-977C-33FC2F88D35F}.Release|x86.ActiveCfg = Release|x86
		{D15F0343-2430-45CA-977C-33FC2F88D35F}.Release|x86.Build.0 = Release|x86
		{294DEF16-B5B4-4D0A-823C-115572D397D6}.Debug|Any CPU.ActiveCfg = Debug|Any CPU
		{294DEF16-B5B4-4D0A-823C-115572D397D6}.Debug|Any CPU.Build.0 = Debug|Any CPU
		{294DEF16-B5B4-4D0A-823C-115572D397D6}.Debug|Mixed Platforms.ActiveCfg = Debug|x86
		{294DEF16-B5B4-4D0A-823C-115572D397D6}.Debug|Mixed Platforms.Build.0 = Debug|x86
		{294DEF16-B5B4-4D0A-823C-115572D397D6}.Debug|x86.ActiveCfg = Debug|x86
		{294DEF16-B5B4-4D0A-823C-115572D397D6}.Debug|x86.Build.0 = Debug|x86
		{294DEF16-B5B4-4D0A-823C-115572D397D6}.Release|Any CPU.ActiveCfg = Release|Any CPU
		{294DEF16-B5B4-4D0A-823C-115572D397D6}.Release|Any CPU.Build.0 = Release|Any CPU
		{294DEF16-B5B4-4D0A-823C-115572D397D6}.Release|Mixed Platforms.ActiveCfg = Release|x86
		{294DEF16-B5B4-4D0A-823C-115572D397D6}.Release|Mixed Platforms.Build.0 = Release|x86
		{294DEF16-B5B4-4D0A-823C-115572D397D6}.Release|x86.ActiveCfg = Release|x86
		{294DEF16-B5B4-4D0A-823C-115572D397D6}.Release|x86.Build.0 = Release|x86
		{2DF8EAAB-E3B6-48D1-8591-FA260C264057}.Debug|Any CPU.ActiveCfg = Debug|Any CPU
		{2DF8EAAB-E3B6-48D1-8591-FA260C264057}.Debug|Any CPU.Build.0 = Debug|Any CPU
		{2DF8EAAB-E3B6-48D1-8591-FA260C264057}.Debug|Mixed Platforms.ActiveCfg = Debug|x86
		{2DF8EAAB-E3B6-48D1-8591-FA260C264057}.Debug|Mixed Platforms.Build.0 = Debug|x86
		{2DF8EAAB-E3B6-48D1-8591-FA260C264057}.Debug|x86.ActiveCfg = Debug|x86
		{2DF8EAAB-E3B6-48D1-8591-FA260C264057}.Debug|x86.Build.0 = Debug|x86
		{2DF8EAAB-E3B6-48D1-8591-FA260C264057}.Release|Any CPU.ActiveCfg = Release|Any CPU
		{2DF8EAAB-E3B6-48D1-8591-FA260C264057}.Release|Any CPU.Build.0 = Release|Any CPU
		{2DF8EAAB-E3B6-48D1-8591-FA260C264057}.Release|Mixed Platforms.ActiveCfg = Release|x86
		{2DF8EAAB-E3B6-48D1-8591-FA260C264057}.Release|Mixed Platforms.Build.0 = Release|x86
		{2DF8EAAB-E3B6-48D1-8591-FA260C264057}.Release|x86.ActiveCfg = Release|x86
		{2DF8EAAB-E3B6-48D1-8591-FA260C264057}.Release|x86.Build.0 = Release|x86
		{059E7A63-F8AD-4497-A081-DFF526A77A78}.Debug|Any CPU.ActiveCfg = Debug|Any CPU
		{059E7A63-F8AD-4497-A081-DFF526A77A78}.Debug|Any CPU.Build.0 = Debug|Any CPU
		{059E7A63-F8AD-4497-A081-DFF526A77A78}.Debug|Mixed Platforms.ActiveCfg = Debug|x86
		{059E7A63-F8AD-4497-A081-DFF526A77A78}.Debug|Mixed Platforms.Build.0 = Debug|x86
		{059E7A63-F8AD-4497-A081-DFF526A77A78}.Debug|x86.ActiveCfg = Debug|x86
		{059E7A63-F8AD-4497-A081-DFF526A77A78}.Debug|x86.Build.0 = Debug|x86
		{059E7A63-F8AD-4497-A081-DFF526A77A78}.Release|Any CPU.ActiveCfg = Release|Any CPU
		{059E7A63-F8AD-4497-A081-DFF526A77A78}.Release|Any CPU.Build.0 = Release|Any CPU
		{059E7A63-F8AD-4497-A081-DFF526A77A78}.Release|Mixed Platforms.ActiveCfg = Release|x86
		{059E7A63-F8AD-4497-A081-DFF526A77A78}.Release|Mixed Platforms.Build.0 = Release|x86
		{059E7A63-F8AD-4497-A081-DFF526A77A78}.Release|x86.ActiveCfg = Release|x86
		{059E7A63-F8AD-4497-A081-DFF526A77A78}.Release|x86.Build.0 = Release|x86
		{6654419C-B332-434D-BA70-69CBFBA9E070}.Debug|Any CPU.ActiveCfg = Debug|Any CPU
		{6654419C-B332-434D-BA70-69CBFBA9E070}.Debug|Any CPU.Build.0 = Debug|Any CPU
		{6654419C-B332-434D-BA70-69CBFBA9E070}.Debug|Mixed Platforms.ActiveCfg = Debug|Any CPU
		{6654419C-B332-434D-BA70-69CBFBA9E070}.Debug|Mixed Platforms.Build.0 = Debug|Any CPU
		{6654419C-B332-434D-BA70-69CBFBA9E070}.Debug|x86.ActiveCfg = Debug|Any CPU
		{6654419C-B332-434D-BA70-69CBFBA9E070}.Release|Any CPU.ActiveCfg = Release|Any CPU
		{6654419C-B332-434D-BA70-69CBFBA9E070}.Release|Any CPU.Build.0 = Release|Any CPU
		{6654419C-B332-434D-BA70-69CBFBA9E070}.Release|Mixed Platforms.ActiveCfg = Release|Any CPU
		{6654419C-B332-434D-BA70-69CBFBA9E070}.Release|Mixed Platforms.Build.0 = Release|Any CPU
		{6654419C-B332-434D-BA70-69CBFBA9E070}.Release|x86.ActiveCfg = Release|Any CPU
		{01A69397-A54A-4FE9-871F-3EA661074DC2}.Debug|Any CPU.ActiveCfg = Debug|Any CPU
		{01A69397-A54A-4FE9-871F-3EA661074DC2}.Debug|Any CPU.Build.0 = Debug|Any CPU
		{01A69397-A54A-4FE9-871F-3EA661074DC2}.Debug|Mixed Platforms.ActiveCfg = Debug|Any CPU
		{01A69397-A54A-4FE9-871F-3EA661074DC2}.Debug|Mixed Platforms.Build.0 = Debug|Any CPU
		{01A69397-A54A-4FE9-871F-3EA661074DC2}.Debug|x86.ActiveCfg = Debug|Any CPU
		{01A69397-A54A-4FE9-871F-3EA661074DC2}.Release|Any CPU.ActiveCfg = Release|Any CPU
		{01A69397-A54A-4FE9-871F-3EA661074DC2}.Release|Any CPU.Build.0 = Release|Any CPU
		{01A69397-A54A-4FE9-871F-3EA661074DC2}.Release|Mixed Platforms.ActiveCfg = Release|Any CPU
		{01A69397-A54A-4FE9-871F-3EA661074DC2}.Release|Mixed Platforms.Build.0 = Release|Any CPU
		{01A69397-A54A-4FE9-871F-3EA661074DC2}.Release|x86.ActiveCfg = Release|Any CPU
	EndGlobalSection
	GlobalSection(SolutionProperties) = preSolution
		HideSolutionNode = FALSE
	EndGlobalSection
EndGlobal
